
Microsoft Visual Studio Solution File, Format Version 12.00
# Visual Studio Version 17
VisualStudioVersion = 17.3.32901.215
MinimumVisualStudioVersion = 10.0.40219.1
Project("{FAE04EC0-301F-11D3-BF4B-00C04F79EFBC}") = "CopyBook", "CopyBook\CopyBook.csproj", "{E3FF2D04-6E77-40BB-8F30-2C0B1D87ECA5}"
EndProject
Global
	GlobalSection(SolutionConfigurationPlatforms) = preSolution
		Debug|Any CPU = Debug|Any CPU
		Release|Any CPU = Release|Any CPU
	EndGlobalSection
	GlobalSection(ProjectConfigurationPlatforms) = postSolution
		{E3FF2D04-6E77-40BB-8F30-2C0B1D87ECA5}.Debug|Any CPU.ActiveCfg = Debug|Any CPU
		{E3FF2D04-6E77-40BB-8F30-2C0B1D87ECA5}.Debug|Any CPU.Build.0 = Debug|Any CPU
		{E3FF2D04-6E77-40BB-8F30-2C0B1D87ECA5}.Release|Any CPU.ActiveCfg = Release|Any CPU
		{E3FF2D04-6E77-40BB-8F30-2C0B1D87ECA5}.Release|Any CPU.Build.0 = Release|Any CPU
	EndGlobalSection
	GlobalSection(SolutionProperties) = preSolution
		HideSolutionNode = FALSE
	EndGlobalSection
	GlobalSection(ExtensibilityGlobals) = postSolution
		SolutionGuid = {83EAAE67-F11F-470F-983A-F594C206EB87}
	EndGlobalSection
EndGlobal
